{
  "name": "color-interpolate",
  "version": "1.0.7",
  "lockfileVersion": 3,
  "requires": true,
  "packages": {
    "": {
      "name": "color-interpolate",
      "version": "1.0.7",
      "license": "MIT",
      "dependencies": {
        "color-parse": "^1.4.3",
        "color-space": "^1.16.0"
      }
    },
    "node_modules/almost-equal": {
      "version": "1.1.0",
      "resolved": "https://registry.npmjs.org/almost-equal/-/almost-equal-1.1.0.tgz",
      "integrity": "sha512-0V/PkoculFl5+0Lp47JoxUcO0xSxhIBvm+BxHdD/OgXNmdRpRHCFnKVuUoWyS9EzQP+otSGv0m9Lb4yVkQBn2A==",
      "license": "MIT"
    },
    "node_modules/color-name": {
      "version": "1.1.4",
      "resolved": "https://registry.npmjs.org/color-name/-/color-name-1.1.4.tgz",
      "integrity": "sha512-dOy+3AuW3a2wNbZHIuMZpTcgjGuLU/uBL/ubcZF9OXbDo8ff4O8yVp5Bf0efS8uEoYo5q4Fx7dY9OgQGXgAsQA==",
      "license": "MIT"
    },
    "node_modules/color-parse": {
      "version": "1.4.3",
      "resolved": "https://registry.npmjs.org/color-parse/-/color-parse-1.4.3.tgz",
      "integrity": "sha512-BADfVl/FHkQkyo8sRBwMYBqemqsgnu7JZAwUgvBvuwwuNUZAhSvLTbsEErS5bQXzOjDR0dWzJ4vXN2Q+QoPx0A==",
      "license": "MIT",
      "dependencies": {
        "color-name": "^1.0.0"
      }
    },
    "node_modules/color-space": {
      "version": "1.16.0",
      "resolved": "https://registry.npmjs.org/color-space/-/color-space-1.16.0.tgz",
      "integrity": "sha512-A6WMiFzunQ8KEPFmj02OnnoUnqhmSaHaZ/0LVFcPTdlvm8+3aMJ5x1HRHy3bDHPkovkf4sS0f4wsVvwk71fKkg==",
      "license": "MIT",
      "dependencies": {
        "hsluv": "^0.0.3",
        "mumath": "^3.3.4"
      }
    },
    "node_modules/hsluv": {
      "version": "0.0.3",
      "resolved": "https://registry.npmjs.org/hsluv/-/hsluv-0.0.3.tgz",
      "integrity": "sha512-08iL2VyCRbkQKBySkSh6m8zMUa3sADAxGVWs3Z1aPcUkTJeK0ETG4Fc27tEmQBGUAXZjIsXOZqBvacuVNSC/fQ==",
      "license": "MIT"
    },
    "node_modules/mumath": {
      "version": "3.3.4",
      "resolved": "https://registry.npmjs.org/mumath/-/mumath-3.3.4.tgz",
      "integrity": "sha512-VAFIOG6rsxoc7q/IaY3jdjmrsuX9f15KlRLYTHmixASBZkZEKC1IFqE2BC5CdhXmK6WLM1Re33z//AGmeRI6FA==",
      "deprecated": "Redundant dependency in your project.",
      "license": "Unlicense",
      "dependencies": {
        "almost-equal": "^1.1.0"
      }
    }
  }
}
